# generated by rye
# use `rye lock` or `rye sync` to update this lockfile
#
# last locked with the following flags:
#   pre: false
#   features: []
#   all-features: false
#   with-sources: false
#   generate-hashes: false
#   universal: false

-e file:.
fonttools==4.54.1
    # via toga-cocoa
rubicon-objc==0.4.9
    # via toga-cocoa
toga==0.4.8
    # via try-beeware
toga-cocoa==0.4.8
    # via toga
toga-core==0.4.8
    # via toga-cocoa
travertino==0.3.0
    # via toga-core
