# This file is automatically @generated by Poetry 1.7.1 and should not be changed by hand.

[[package]]
name = "asgiref"
version = "3.7.2"
description = "ASGI specs, helper code, and adapters"
optional = false
python-versions = ">=3.7"
files = [
    {file = "asgiref-3.7.2-py3-none-any.whl", hash = "sha256:89b2ef2247e3b562a16eef663bc0e2e703ec6468e2fa8a5cd61cd449786d4f6e"},
    {file = "asgiref-3.7.2.tar.gz", hash = "sha256:9e0ce3aa93a819ba5b45120216b23878cf6e8525eb3848653452b4192b92afed"},
]

[package.dependencies]
typing-extensions = {version = ">=4", markers = "python_version < \"3.11\""}

[package.extras]
tests = ["mypy (>=0.800)", "pytest", "pytest-asyncio"]

[[package]]
name = "attrs"
version = "23.1.0"
description = "Classes Without Boilerplate"
optional = false
python-versions = ">=3.7"
files = [
    {file = "attrs-23.1.0-py3-none-any.whl", hash = "sha256:1f28b4522cdc2fb4256ac1a020c78acf9cba2c6b461ccd2c126f3aa8e8335d04"},
    {file = "attrs-23.1.0.tar.gz", hash = "sha256:6279836d581513a26f1bf235f9acd333bc9115683f14f7e8fae46c98fc50e015"},
]

[package.extras]
cov = ["attrs[tests]", "coverage[toml] (>=5.3)"]
dev = ["attrs[docs,tests]", "pre-commit"]
docs = ["furo", "myst-parser", "sphinx", "sphinx-notfound-page", "sphinxcontrib-towncrier", "towncrier", "zope-interface"]
tests = ["attrs[tests-no-zope]", "zope-interface"]
tests-no-zope = ["cloudpickle", "hypothesis", "mypy (>=1.1.1)", "pympler", "pytest (>=4.3.0)", "pytest-mypy-plugins", "pytest-xdist[psutil]"]

[[package]]
name = "certifi"
version = "2023.11.17"
description = "Python package for providing Mozilla's CA Bundle."
optional = false
python-versions = ">=3.6"
files = [
    {file = "certifi-2023.11.17-py3-none-any.whl", hash = "sha256:e036ab49d5b79556f99cfc2d9320b34cfbe5be05c5871b51de9329f0603b0474"},
    {file = "certifi-2023.11.17.tar.gz", hash = "sha256:9b469f3a900bf28dc19b8cfbf8019bf47f7fdd1a65a1d4ffb98fc14166beb4d1"},
]

[[package]]
name = "django"
version = "5.0"
description = "A high-level Python web framework that encourages rapid development and clean, pragmatic design."
optional = false
python-versions = ">=3.10"
files = [
    {file = "Django-5.0-py3-none-any.whl", hash = "sha256:3a9fd52b8dbeae335ddf4a9dfa6c6a0853a1122f1fb071a8d5eca979f73a05c8"},
    {file = "Django-5.0.tar.gz", hash = "sha256:7d29e14dfbc19cb6a95a4bd669edbde11f5d4c6a71fdaa42c2d40b6846e807f7"},
]

[package.dependencies]
asgiref = ">=3.7.0"
sqlparse = ">=0.3.1"
tzdata = {version = "*", markers = "sys_platform == \"win32\""}

[package.extras]
argon2 = ["argon2-cffi (>=19.1.0)"]
bcrypt = ["bcrypt"]

[[package]]
name = "django-cors-headers"
version = "4.3.1"
description = "django-cors-headers is a Django application for handling the server headers required for Cross-Origin Resource Sharing (CORS)."
optional = false
python-versions = ">=3.8"
files = [
    {file = "django-cors-headers-4.3.1.tar.gz", hash = "sha256:0bf65ef45e606aff1994d35503e6b677c0b26cafff6506f8fd7187f3be840207"},
    {file = "django_cors_headers-4.3.1-py3-none-any.whl", hash = "sha256:0b1fd19297e37417fc9f835d39e45c8c642938ddba1acce0c1753d3edef04f36"},
]

[package.dependencies]
asgiref = ">=3.6"
Django = ">=3.2"

[[package]]
name = "djangorestframework"
version = "3.14.0"
description = "Web APIs for Django, made easy."
optional = false
python-versions = ">=3.6"
files = [
    {file = "djangorestframework-3.14.0-py3-none-any.whl", hash = "sha256:eb63f58c9f218e1a7d064d17a70751f528ed4e1d35547fdade9aaf4cd103fd08"},
    {file = "djangorestframework-3.14.0.tar.gz", hash = "sha256:579a333e6256b09489cbe0a067e66abe55c6595d8926be6b99423786334350c8"},
]

[package.dependencies]
django = ">=3.0"
pytz = "*"

[[package]]
name = "drf-spectacular"
version = "0.27.0"
description = "Sane and flexible OpenAPI 3 schema generation for Django REST framework"
optional = false
python-versions = ">=3.6"
files = [
    {file = "drf-spectacular-0.27.0.tar.gz", hash = "sha256:18d7ae74b2b5d533fd31f1c591ebaa5cce1447e0976ced927401e3163040dea9"},
    {file = "drf_spectacular-0.27.0-py3-none-any.whl", hash = "sha256:6ab2d20674244e8c940c2883f744b43c34fc68c70ea3aefa802f574108c9699b"},
]

[package.dependencies]
Django = ">=2.2"
djangorestframework = ">=3.10.3"
inflection = ">=0.3.1"
jsonschema = ">=2.6.0"
PyYAML = ">=5.1"
uritemplate = ">=2.0.0"

[package.extras]
offline = ["drf-spectacular-sidecar"]
sidecar = ["drf-spectacular-sidecar"]

[[package]]
name = "inflection"
version = "0.5.1"
description = "A port of Ruby on Rails inflector to Python"
optional = false
python-versions = ">=3.5"
files = [
    {file = "inflection-0.5.1-py2.py3-none-any.whl", hash = "sha256:f38b2b640938a4f35ade69ac3d053042959b62a0f1076a5bbaa1b9526605a8a2"},
    {file = "inflection-0.5.1.tar.gz", hash = "sha256:1a29730d366e996aaacffb2f1f1cb9593dc38e2ddd30c91250c6dde09ea9b417"},
]

[[package]]
name = "jsonschema"
version = "4.20.0"
description = "An implementation of JSON Schema validation for Python"
optional = false
python-versions = ">=3.8"
files = [
    {file = "jsonschema-4.20.0-py3-none-any.whl", hash = "sha256:ed6231f0429ecf966f5bc8dfef245998220549cbbcf140f913b7464c52c3b6b3"},
    {file = "jsonschema-4.20.0.tar.gz", hash = "sha256:4f614fd46d8d61258610998997743ec5492a648b33cf478c1ddc23ed4598a5fa"},
]

[package.dependencies]
attrs = ">=22.2.0"
jsonschema-specifications = ">=2023.03.6"
referencing = ">=0.28.4"
rpds-py = ">=0.7.1"

[package.extras]
format = ["fqdn", "idna", "isoduration", "jsonpointer (>1.13)", "rfc3339-validator", "rfc3987", "uri-template", "webcolors (>=1.11)"]
format-nongpl = ["fqdn", "idna", "isoduration", "jsonpointer (>1.13)", "rfc3339-validator", "rfc3986-validator (>0.1.0)", "uri-template", "webcolors (>=1.11)"]

[[package]]
name = "jsonschema-specifications"
version = "2023.12.1"
description = "The JSON Schema meta-schemas and vocabularies, exposed as a Registry"
optional = false
python-versions = ">=3.8"
files = [
    {file = "jsonschema_specifications-2023.12.1-py3-none-any.whl", hash = "sha256:87e4fdf3a94858b8a2ba2778d9ba57d8a9cafca7c7489c46ba0d30a8bc6a9c3c"},
    {file = "jsonschema_specifications-2023.12.1.tar.gz", hash = "sha256:48a76787b3e70f5ed53f1160d2b81f586e4ca6d1548c5de7085d1682674764cc"},
]

[package.dependencies]
referencing = ">=0.31.0"

[[package]]
name = "pytz"
version = "2023.3.post1"
description = "World timezone definitions, modern and historical"
optional = false
python-versions = "*"
files = [
    {file = "pytz-2023.3.post1-py2.py3-none-any.whl", hash = "sha256:ce42d816b81b68506614c11e8937d3aa9e41007ceb50bfdcb0749b921bf646c7"},
    {file = "pytz-2023.3.post1.tar.gz", hash = "sha256:7b4fddbeb94a1eba4b557da24f19fdf9db575192544270a9101d8509f9f43d7b"},
]

[[package]]
name = "pyyaml"
version = "6.0.1"
description = "YAML parser and emitter for Python"
optional = false
python-versions = ">=3.6"
files = [
    {file = "PyYAML-6.0.1-cp310-cp310-macosx_10_9_x86_64.whl", hash = "sha256:d858aa552c999bc8a8d57426ed01e40bef403cd8ccdd0fc5f6f04a00414cac2a"},
    {file = "PyYAML-6.0.1-cp310-cp310-macosx_11_0_arm64.whl", hash = "sha256:fd66fc5d0da6d9815ba2cebeb4205f95818ff4b79c3ebe268e75d961704af52f"},
    {file = "PyYAML-6.0.1-cp310-cp310-manylinux_2_17_aarch64.manylinux2014_aarch64.whl", hash = "sha256:69b023b2b4daa7548bcfbd4aa3da05b3a74b772db9e23b982788168117739938"},
    {file = "PyYAML-6.0.1-cp310-cp310-manylinux_2_17_s390x.manylinux2014_s390x.whl", hash = "sha256:81e0b275a9ecc9c0c0c07b4b90ba548307583c125f54d5b6946cfee6360c733d"},
    {file = "PyYAML-6.0.1-cp310-cp310-manylinux_2_17_x86_64.manylinux2014_x86_64.whl", hash = "sha256:ba336e390cd8e4d1739f42dfe9bb83a3cc2e80f567d8805e11b46f4a943f5515"},
    {file = "PyYAML-6.0.1-cp310-cp310-musllinux_1_1_x86_64.whl", hash = "sha256:326c013efe8048858a6d312ddd31d56e468118ad4cdeda36c719bf5bb6192290"},
    {file = "PyYAML-6.0.1-cp310-cp310-win32.whl", hash = "sha256:bd4af7373a854424dabd882decdc5579653d7868b8fb26dc7d0e99f823aa5924"},
    {file = "PyYAML-6.0.1-cp310-cp310-win_amd64.whl", hash = "sha256:fd1592b3fdf65fff2ad0004b5e363300ef59ced41c2e6b3a99d4089fa8c5435d"},
    {file = "PyYAML-6.0.1-cp311-cp311-macosx_10_9_x86_64.whl", hash = "sha256:6965a7bc3cf88e5a1c3bd2e0b5c22f8d677dc88a455344035f03399034eb3007"},
    {file = "PyYAML-6.0.1-cp311-cp311-macosx_11_0_arm64.whl", hash = "sha256:f003ed9ad21d6a4713f0a9b5a7a0a79e08dd0f221aff4525a2be4c346ee60aab"},
    {file = "PyYAML-6.0.1-cp311-cp311-manylinux_2_17_aarch64.manylinux2014_aarch64.whl", hash = "sha256:42f8152b8dbc4fe7d96729ec2b99c7097d656dc1213a3229ca5383f973a5ed6d"},
    {file = "PyYAML-6.0.1-cp311-cp311-manylinux_2_17_s390x.manylinux2014_s390x.whl", hash = "sha256:062582fca9fabdd2c8b54a3ef1c978d786e0f6b3a1510e0ac93ef59e0ddae2bc"},
    {file = "PyYAML-6.0.1-cp311-cp311-manylinux_2_17_x86_64.manylinux2014_x86_64.whl", hash = "sha256:d2b04aac4d386b172d5b9692e2d2da8de7bfb6c387fa4f801fbf6fb2e6ba4673"},
    {file = "PyYAML-6.0.1-cp311-cp311-musllinux_1_1_x86_64.whl", hash = "sha256:e7d73685e87afe9f3b36c799222440d6cf362062f78be1013661b00c5c6f678b"},
    {file = "PyYAML-6.0.1-cp311-cp311-win32.whl", hash = "sha256:1635fd110e8d85d55237ab316b5b011de701ea0f29d07611174a1b42f1444741"},
    {file = "PyYAML-6.0.1-cp311-cp311-win_amd64.whl", hash = "sha256:bf07ee2fef7014951eeb99f56f39c9bb4af143d8aa3c21b1677805985307da34"},
    {file = "PyYAML-6.0.1-cp312-cp312-macosx_10_9_x86_64.whl", hash = "sha256:855fb52b0dc35af121542a76b9a84f8d1cd886ea97c84703eaa6d88e37a2ad28"},
    {file = "PyYAML-6.0.1-cp312-cp312-macosx_11_0_arm64.whl", hash = "sha256:40df9b996c2b73138957fe23a16a4f0ba614f4c0efce1e9406a184b6d07fa3a9"},
    {file = "PyYAML-6.0.1-cp312-cp312-manylinux_2_17_x86_64.manylinux2014_x86_64.whl", hash = "sha256:6c22bec3fbe2524cde73d7ada88f6566758a8f7227bfbf93a408a9d86bcc12a0"},
    {file = "PyYAML-6.0.1-cp312-cp312-musllinux_1_1_x86_64.whl", hash = "sha256:8d4e9c88387b0f5c7d5f281e55304de64cf7f9c0021a3525bd3b1c542da3b0e4"},
    {file = "PyYAML-6.0.1-cp312-cp312-win32.whl", hash = "sha256:d483d2cdf104e7c9fa60c544d92981f12ad66a457afae824d146093b8c294c54"},
    {file = "PyYAML-6.0.1-cp312-cp312-win_amd64.whl", hash = "sha256:0d3304d8c0adc42be59c5f8a4d9e3d7379e6955ad754aa9d6ab7a398b59dd1df"},
    {file = "PyYAML-6.0.1-cp36-cp36m-macosx_10_9_x86_64.whl", hash = "sha256:50550eb667afee136e9a77d6dc71ae76a44df8b3e51e41b77f6de2932bfe0f47"},
    {file = "PyYAML-6.0.1-cp36-cp36m-manylinux_2_17_aarch64.manylinux2014_aarch64.whl", hash = "sha256:1fe35611261b29bd1de0070f0b2f47cb6ff71fa6595c077e42bd0c419fa27b98"},
    {file = "PyYAML-6.0.1-cp36-cp36m-manylinux_2_17_s390x.manylinux2014_s390x.whl", hash = "sha256:704219a11b772aea0d8ecd7058d0082713c3562b4e271b849ad7dc4a5c90c13c"},
    {file = "PyYAML-6.0.1-cp36-cp36m-manylinux_2_17_x86_64.manylinux2014_x86_64.whl", hash = "sha256:afd7e57eddb1a54f0f1a974bc4391af8bcce0b444685d936840f125cf046d5bd"},
    {file = "PyYAML-6.0.1-cp36-cp36m-win32.whl", hash = "sha256:fca0e3a251908a499833aa292323f32437106001d436eca0e6e7833256674585"},
    {file = "PyYAML-6.0.1-cp36-cp36m-win_amd64.whl", hash = "sha256:f22ac1c3cac4dbc50079e965eba2c1058622631e526bd9afd45fedd49ba781fa"},
    {file = "PyYAML-6.0.1-cp37-cp37m-macosx_10_9_x86_64.whl", hash = "sha256:b1275ad35a5d18c62a7220633c913e1b42d44b46ee12554e5fd39c70a243d6a3"},
    {file = "PyYAML-6.0.1-cp37-cp37m-manylinux_2_17_aarch64.manylinux2014_aarch64.whl", hash = "sha256:18aeb1bf9a78867dc38b259769503436b7c72f7a1f1f4c93ff9a17de54319b27"},
    {file = "PyYAML-6.0.1-cp37-cp37m-manylinux_2_17_s390x.manylinux2014_s390x.whl", hash = "sha256:596106435fa6ad000c2991a98fa58eeb8656ef2325d7e158344fb33864ed87e3"},
    {file = "PyYAML-6.0.1-cp37-cp37m-manylinux_2_17_x86_64.manylinux2014_x86_64.whl", hash = "sha256:baa90d3f661d43131ca170712d903e6295d1f7a0f595074f151c0aed377c9b9c"},
    {file = "PyYAML-6.0.1-cp37-cp37m-win32.whl", hash = "sha256:9046c58c4395dff28dd494285c82ba00b546adfc7ef001486fbf0324bc174fba"},
    {file = "PyYAML-6.0.1-cp37-cp37m-win_amd64.whl", hash = "sha256:4fb147e7a67ef577a588a0e2c17b6db51dda102c71de36f8549b6816a96e1867"},
    {file = "PyYAML-6.0.1-cp38-cp38-macosx_10_9_x86_64.whl", hash = "sha256:1d4c7e777c441b20e32f52bd377e0c409713e8bb1386e1099c2415f26e479595"},
    {file = "PyYAML-6.0.1-cp38-cp38-manylinux_2_17_aarch64.manylinux2014_aarch64.whl", hash = "sha256:a0cd17c15d3bb3fa06978b4e8958dcdc6e0174ccea823003a106c7d4d7899ac5"},
    {file = "PyYAML-6.0.1-cp38-cp38-manylinux_2_17_s390x.manylinux2014_s390x.whl", hash = "sha256:28c119d996beec18c05208a8bd78cbe4007878c6dd15091efb73a30e90539696"},
    {file = "PyYAML-6.0.1-cp38-cp38-manylinux_2_17_x86_64.manylinux2014_x86_64.whl", hash = "sha256:7e07cbde391ba96ab58e532ff4803f79c4129397514e1413a7dc761ccd755735"},
    {file = "PyYAML-6.0.1-cp38-cp38-musllinux_1_1_x86_64.whl", hash = "sha256:49a183be227561de579b4a36efbb21b3eab9651dd81b1858589f796549873dd6"},
    {file = "PyYAML-6.0.1-cp38-cp38-win32.whl", hash = "sha256:184c5108a2aca3c5b3d3bf9395d50893a7ab82a38004c8f61c258d4428e80206"},
    {file = "PyYAML-6.0.1-cp38-cp38-win_amd64.whl", hash = "sha256:1e2722cc9fbb45d9b87631ac70924c11d3a401b2d7f410cc0e3bbf249f2dca62"},
    {file = "PyYAML-6.0.1-cp39-cp39-macosx_10_9_x86_64.whl", hash = "sha256:9eb6caa9a297fc2c2fb8862bc5370d0303ddba53ba97e71f08023b6cd73d16a8"},
    {file = "PyYAML-6.0.1-cp39-cp39-macosx_11_0_arm64.whl", hash = "sha256:c8098ddcc2a85b61647b2590f825f3db38891662cfc2fc776415143f599bb859"},
    {file = "PyYAML-6.0.1-cp39-cp39-manylinux_2_17_aarch64.manylinux2014_aarch64.whl", hash = "sha256:5773183b6446b2c99bb77e77595dd486303b4faab2b086e7b17bc6bef28865f6"},
    {file = "PyYAML-6.0.1-cp39-cp39-manylinux_2_17_s390x.manylinux2014_s390x.whl", hash = "sha256:b786eecbdf8499b9ca1d697215862083bd6d2a99965554781d0d8d1ad31e13a0"},
    {file = "PyYAML-6.0.1-cp39-cp39-manylinux_2_17_x86_64.manylinux2014_x86_64.whl", hash = "sha256:bc1bf2925a1ecd43da378f4db9e4f799775d6367bdb94671027b73b393a7c42c"},
    {file = "PyYAML-6.0.1-cp39-cp39-musllinux_1_1_x86_64.whl", hash = "sha256:04ac92ad1925b2cff1db0cfebffb6ffc43457495c9b3c39d3fcae417d7125dc5"},
    {file = "PyYAML-6.0.1-cp39-cp39-win32.whl", hash = "sha256:faca3bdcf85b2fc05d06ff3fbc1f83e1391b3e724afa3feba7d13eeab355484c"},
    {file = "PyYAML-6.0.1-cp39-cp39-win_amd64.whl", hash = "sha256:510c9deebc5c0225e8c96813043e62b680ba2f9c50a08d3724c7f28a747d1486"},
    {file = "PyYAML-6.0.1.tar.gz", hash = "sha256:bfdf460b1736c775f2ba9f6a92bca30bc2095067b8a9d77876d1fad6cc3b4a43"},
]

[[package]]
name = "referencing"
version = "0.32.0"
description = "JSON Referencing + Python"
optional = false
python-versions = ">=3.8"
files = [
    {file = "referencing-0.32.0-py3-none-any.whl", hash = "sha256:bdcd3efb936f82ff86f993093f6da7435c7de69a3b3a5a06678a6050184bee99"},
    {file = "referencing-0.32.0.tar.gz", hash = "sha256:689e64fe121843dcfd57b71933318ef1f91188ffb45367332700a86ac8fd6161"},
]

[package.dependencies]
attrs = ">=22.2.0"
rpds-py = ">=0.7.0"

[[package]]
name = "rpds-py"
version = "0.16.2"
description = "Python bindings to Rust's persistent data structures (rpds)"
optional = false
python-versions = ">=3.8"
files = [
    {file = "rpds_py-0.16.2-cp310-cp310-macosx_10_12_x86_64.whl", hash = "sha256:509b617ac787cd1149600e731db9274ebbef094503ca25158e6f23edaba1ca8f"},
    {file = "rpds_py-0.16.2-cp310-cp310-macosx_11_0_arm64.whl", hash = "sha256:413b9c17388bbd0d87a329d8e30c1a4c6e44e2bb25457f43725a8e6fe4161e9e"},
    {file = "rpds_py-0.16.2-cp310-cp310-manylinux_2_17_aarch64.manylinux2014_aarch64.whl", hash = "sha256:2946b120718eba9af2b4dd103affc1164a87b9e9ebff8c3e4c05d7b7a7e274e2"},
    {file = "rpds_py-0.16.2-cp310-cp310-manylinux_2_17_armv7l.manylinux2014_armv7l.whl", hash = "sha256:35ae5ece284cf36464eb160880018cf6088a9ac5ddc72292a6092b6ef3f4da53"},
    {file = "rpds_py-0.16.2-cp310-cp310-manylinux_2_17_ppc64le.manylinux2014_ppc64le.whl", hash = "sha256:3dc6a7620ba7639a3db6213da61312cb4aa9ac0ca6e00dc1cbbdc21c2aa6eb57"},
    {file = "rpds_py-0.16.2-cp310-cp310-manylinux_2_17_s390x.manylinux2014_s390x.whl", hash = "sha256:8cb6fe8ecdfffa0e711a75c931fb39f4ba382b4b3ccedeca43f18693864fe850"},
    {file = "rpds_py-0.16.2-cp310-cp310-manylinux_2_17_x86_64.manylinux2014_x86_64.whl", hash = "sha256:6dace7b26a13353e24613417ce2239491b40a6ad44e5776a18eaff7733488b44"},
    {file = "rpds_py-0.16.2-cp310-cp310-manylinux_2_5_i686.manylinux1_i686.whl", hash = "sha256:1bdbc5fcb04a7309074de6b67fa9bc4b418ab3fc435fec1f2779a0eced688d04"},
    {file = "rpds_py-0.16.2-cp310-cp310-musllinux_1_2_aarch64.whl", hash = "sha256:f42e25c016927e2a6b1ce748112c3ab134261fc2ddc867e92d02006103e1b1b7"},
    {file = "rpds_py-0.16.2-cp310-cp310-musllinux_1_2_i686.whl", hash = "sha256:eab36eae3f3e8e24b05748ec9acc66286662f5d25c52ad70cadab544e034536b"},
    {file = "rpds_py-0.16.2-cp310-cp310-musllinux_1_2_x86_64.whl", hash = "sha256:0474df4ade9a3b4af96c3d36eb81856cb9462e4c6657d4caecfd840d2a13f3c9"},
    {file = "rpds_py-0.16.2-cp310-none-win32.whl", hash = "sha256:84c5a4d1f9dd7e2d2c44097fb09fffe728629bad31eb56caf97719e55575aa82"},
    {file = "rpds_py-0.16.2-cp310-none-win_amd64.whl", hash = "sha256:2bd82db36cd70b3628c0c57d81d2438e8dd4b7b32a6a9f25f24ab0e657cb6c4e"},
    {file = "rpds_py-0.16.2-cp311-cp311-macosx_10_12_x86_64.whl", hash = "sha256:adc0c3d6fc6ae35fee3e4917628983f6ce630d513cbaad575b4517d47e81b4bb"},
    {file = "rpds_py-0.16.2-cp311-cp311-macosx_11_0_arm64.whl", hash = "sha256:ec23fcad480e77ede06cf4127a25fc440f7489922e17fc058f426b5256ee0edb"},
    {file = "rpds_py-0.16.2-cp311-cp311-manylinux_2_17_aarch64.manylinux2014_aarch64.whl", hash = "sha256:07aab64e2808c3ebac2a44f67e9dc0543812b715126dfd6fe4264df527556cb6"},
    {file = "rpds_py-0.16.2-cp311-cp311-manylinux_2_17_armv7l.manylinux2014_armv7l.whl", hash = "sha256:a4ebb8b20bd09c5ce7884c8f0388801100f5e75e7f733b1b6613c713371feefc"},
    {file = "rpds_py-0.16.2-cp311-cp311-manylinux_2_17_ppc64le.manylinux2014_ppc64le.whl", hash = "sha256:a3d7e2ea25d3517c6d7e5a1cc3702cffa6bd18d9ef8d08d9af6717fc1c700eed"},
    {file = "rpds_py-0.16.2-cp311-cp311-manylinux_2_17_s390x.manylinux2014_s390x.whl", hash = "sha256:f28ac0e8e7242d140f99402a903a2c596ab71550272ae9247ad78f9a932b5698"},
    {file = "rpds_py-0.16.2-cp311-cp311-manylinux_2_17_x86_64.manylinux2014_x86_64.whl", hash = "sha256:19f00f57fdd38db4bb5ad09f9ead1b535332dbf624200e9029a45f1f35527ebb"},
    {file = "rpds_py-0.16.2-cp311-cp311-manylinux_2_5_i686.manylinux1_i686.whl", hash = "sha256:3da5a4c56953bdbf6d04447c3410309616c54433146ccdb4a277b9cb499bc10e"},
    {file = "rpds_py-0.16.2-cp311-cp311-musllinux_1_2_aarch64.whl", hash = "sha256:ec2e1cf025b2c0f48ec17ff3e642661da7ee332d326f2e6619366ce8e221f018"},
    {file = "rpds_py-0.16.2-cp311-cp311-musllinux_1_2_i686.whl", hash = "sha256:e0441fb4fdd39a230477b2ca9be90868af64425bfe7b122b57e61e45737a653b"},
    {file = "rpds_py-0.16.2-cp311-cp311-musllinux_1_2_x86_64.whl", hash = "sha256:9f0350ef2fba5f34eb0c9000ea328e51b9572b403d2f7f3b19f24085f6f598e8"},
    {file = "rpds_py-0.16.2-cp311-none-win32.whl", hash = "sha256:5a80e2f83391ad0808b4646732af2a7b67550b98f0cae056cb3b40622a83dbb3"},
    {file = "rpds_py-0.16.2-cp311-none-win_amd64.whl", hash = "sha256:e04e56b4ca7a770593633556e8e9e46579d66ec2ada846b401252a2bdcf70a6d"},
    {file = "rpds_py-0.16.2-cp312-cp312-macosx_10_12_x86_64.whl", hash = "sha256:5e6caa3809e50690bd92fa490f5c38caa86082c8c3315aa438bce43786d5e90d"},
    {file = "rpds_py-0.16.2-cp312-cp312-macosx_11_0_arm64.whl", hash = "sha256:2e53b9b25cac9065328901713a7e9e3b12e4f57ef4280b370fbbf6fef2052eef"},
    {file = "rpds_py-0.16.2-cp312-cp312-manylinux_2_17_aarch64.manylinux2014_aarch64.whl", hash = "sha256:af27423662f32d7501a00c5e7342f7dbd1e4a718aea7a239781357d15d437133"},
    {file = "rpds_py-0.16.2-cp312-cp312-manylinux_2_17_armv7l.manylinux2014_armv7l.whl", hash = "sha256:43d4dd5fb16eb3825742bad8339d454054261ab59fed2fbac84e1d84d5aae7ba"},
    {file = "rpds_py-0.16.2-cp312-cp312-manylinux_2_17_ppc64le.manylinux2014_ppc64le.whl", hash = "sha256:e061de3b745fe611e23cd7318aec2c8b0e4153939c25c9202a5811ca911fd733"},
    {file = "rpds_py-0.16.2-cp312-cp312-manylinux_2_17_s390x.manylinux2014_s390x.whl", hash = "sha256:3b811d182ad17ea294f2ec63c0621e7be92a1141e1012383461872cead87468f"},
    {file = "rpds_py-0.16.2-cp312-cp312-manylinux_2_17_x86_64.manylinux2014_x86_64.whl", hash = "sha256:5552f328eaef1a75ff129d4d0c437bf44e43f9436d3996e8eab623ea0f5fcf73"},
    {file = "rpds_py-0.16.2-cp312-cp312-manylinux_2_5_i686.manylinux1_i686.whl", hash = "sha256:dcbe1f8dd179e4d69b70b1f1d9bb6fd1e7e1bdc9c9aad345cdeb332e29d40748"},
    {file = "rpds_py-0.16.2-cp312-cp312-musllinux_1_2_aarch64.whl", hash = "sha256:8aad80645a011abae487d356e0ceb359f4938dfb6f7bcc410027ed7ae4f7bb8b"},
    {file = "rpds_py-0.16.2-cp312-cp312-musllinux_1_2_i686.whl", hash = "sha256:b6f5549d6ed1da9bfe3631ca9483ae906f21410be2445b73443fa9f017601c6f"},
    {file = "rpds_py-0.16.2-cp312-cp312-musllinux_1_2_x86_64.whl", hash = "sha256:d452817e0d9c749c431a1121d56a777bd7099b720b3d1c820f1725cb40928f58"},
    {file = "rpds_py-0.16.2-cp312-none-win32.whl", hash = "sha256:888a97002e986eca10d8546e3c8b97da1d47ad8b69726dcfeb3e56348ebb28a3"},
    {file = "rpds_py-0.16.2-cp312-none-win_amd64.whl", hash = "sha256:d8dda2a806dfa4a9b795950c4f5cc56d6d6159f7d68080aedaff3bdc9b5032f5"},
    {file = "rpds_py-0.16.2-cp38-cp38-macosx_10_12_x86_64.whl", hash = "sha256:071980663c273bf3d388fe5c794c547e6f35ba3335477072c713a3176bf14a60"},
    {file = "rpds_py-0.16.2-cp38-cp38-macosx_11_0_arm64.whl", hash = "sha256:726ac36e8a3bb8daef2fd482534cabc5e17334052447008405daca7ca04a3108"},
    {file = "rpds_py-0.16.2-cp38-cp38-manylinux_2_17_aarch64.manylinux2014_aarch64.whl", hash = "sha256:e9e557db6a177470316c82f023e5d571811c9a4422b5ea084c85da9aa3c035fc"},
    {file = "rpds_py-0.16.2-cp38-cp38-manylinux_2_17_armv7l.manylinux2014_armv7l.whl", hash = "sha256:90123853fc8b1747f80b0d354be3d122b4365a93e50fc3aacc9fb4c2488845d6"},
    {file = "rpds_py-0.16.2-cp38-cp38-manylinux_2_17_ppc64le.manylinux2014_ppc64le.whl", hash = "sha256:a61f659665a39a4d17d699ab3593d7116d66e1e2e3f03ef3fb8f484e91908808"},
    {file = "rpds_py-0.16.2-cp38-cp38-manylinux_2_17_s390x.manylinux2014_s390x.whl", hash = "sha256:cc97f0640e91d7776530f06e6836c546c1c752a52de158720c4224c9e8053cad"},
    {file = "rpds_py-0.16.2-cp38-cp38-manylinux_2_17_x86_64.manylinux2014_x86_64.whl", hash = "sha256:44a54e99a2b9693a37ebf245937fd6e9228b4cbd64b9cc961e1f3391ec6c7391"},
    {file = "rpds_py-0.16.2-cp38-cp38-manylinux_2_5_i686.manylinux1_i686.whl", hash = "sha256:bd4b677d929cf1f6bac07ad76e0f2d5de367e6373351c01a9c0a39f6b21b4a8b"},
    {file = "rpds_py-0.16.2-cp38-cp38-musllinux_1_2_aarch64.whl", hash = "sha256:5ef00873303d678aaf8b0627e111fd434925ca01c657dbb2641410f1cdaef261"},
    {file = "rpds_py-0.16.2-cp38-cp38-musllinux_1_2_i686.whl", hash = "sha256:349cb40897fd529ca15317c22c0eab67f5ac5178b5bd2c6adc86172045210acc"},
    {file = "rpds_py-0.16.2-cp38-cp38-musllinux_1_2_x86_64.whl", hash = "sha256:2ddef620e70eaffebed5932ce754d539c0930f676aae6212f8e16cd9743dd365"},
    {file = "rpds_py-0.16.2-cp38-none-win32.whl", hash = "sha256:882ce6e25e585949c3d9f9abd29202367175e0aab3aba0c58c9abbb37d4982ff"},
    {file = "rpds_py-0.16.2-cp38-none-win_amd64.whl", hash = "sha256:f4bd4578e44f26997e9e56c96dedc5f1af43cc9d16c4daa29c771a00b2a26851"},
    {file = "rpds_py-0.16.2-cp39-cp39-macosx_10_12_x86_64.whl", hash = "sha256:69ac7ea9897ec201ce68b48582f3eb34a3f9924488a5432a93f177bf76a82a7e"},
    {file = "rpds_py-0.16.2-cp39-cp39-macosx_11_0_arm64.whl", hash = "sha256:a9880b4656efe36ccad41edc66789e191e5ee19a1ea8811e0aed6f69851a82f4"},
    {file = "rpds_py-0.16.2-cp39-cp39-manylinux_2_17_aarch64.manylinux2014_aarch64.whl", hash = "sha256:ee94cb58c0ba2c62ee108c2b7c9131b2c66a29e82746e8fa3aa1a1effbd3dcf1"},
    {file = "rpds_py-0.16.2-cp39-cp39-manylinux_2_17_armv7l.manylinux2014_armv7l.whl", hash = "sha256:24f7a2eb3866a9e91f4599851e0c8d39878a470044875c49bd528d2b9b88361c"},
    {file = "rpds_py-0.16.2-cp39-cp39-manylinux_2_17_ppc64le.manylinux2014_ppc64le.whl", hash = "sha256:ca57468da2d9a660bcf8961637c85f2fbb2aa64d9bc3f9484e30c3f9f67b1dd7"},
    {file = "rpds_py-0.16.2-cp39-cp39-manylinux_2_17_s390x.manylinux2014_s390x.whl", hash = "sha256:ccd4e400309e1f34a5095bf9249d371f0fd60f8a3a5c4a791cad7b99ce1fd38d"},
    {file = "rpds_py-0.16.2-cp39-cp39-manylinux_2_17_x86_64.manylinux2014_x86_64.whl", hash = "sha256:80443fe2f7b3ea3934c5d75fb0e04a5dbb4a8e943e5ff2de0dec059202b70a8b"},
    {file = "rpds_py-0.16.2-cp39-cp39-manylinux_2_5_i686.manylinux1_i686.whl", hash = "sha256:4d6a9f052e72d493efd92a77f861e45bab2f6be63e37fa8ecf0c6fd1a58fedb0"},
    {file = "rpds_py-0.16.2-cp39-cp39-musllinux_1_2_aarch64.whl", hash = "sha256:35953f4f2b3216421af86fd236b7c0c65935936a94ea83ddbd4904ba60757773"},
    {file = "rpds_py-0.16.2-cp39-cp39-musllinux_1_2_i686.whl", hash = "sha256:981d135c7cdaf6cd8eadae1c950de43b976de8f09d8e800feed307140d3d6d00"},
    {file = "rpds_py-0.16.2-cp39-cp39-musllinux_1_2_x86_64.whl", hash = "sha256:d0dd7ed2f16df2e129496e7fbe59a34bc2d7fc8db443a606644d069eb69cbd45"},
    {file = "rpds_py-0.16.2-cp39-none-win32.whl", hash = "sha256:703d95c75a72e902544fda08e965885525e297578317989fd15a6ce58414b41d"},
    {file = "rpds_py-0.16.2-cp39-none-win_amd64.whl", hash = "sha256:e93ec1b300acf89730cf27975ef574396bc04edecc358e9bd116fb387a123239"},
    {file = "rpds_py-0.16.2-pp310-pypy310_pp73-macosx_10_12_x86_64.whl", hash = "sha256:44627b6ca7308680a70766454db5249105fa6344853af6762eaad4158a2feebe"},
    {file = "rpds_py-0.16.2-pp310-pypy310_pp73-macosx_11_0_arm64.whl", hash = "sha256:3f91df8e6dbb7360e176d1affd5fb0246d2b88d16aa5ebc7db94fd66b68b61da"},
    {file = "rpds_py-0.16.2-pp310-pypy310_pp73-manylinux_2_17_aarch64.manylinux2014_aarch64.whl", hash = "sha256:6d904c5693e08bad240f16d79305edba78276be87061c872a4a15e2c301fa2c0"},
    {file = "rpds_py-0.16.2-pp310-pypy310_pp73-manylinux_2_17_armv7l.manylinux2014_armv7l.whl", hash = "sha256:290a81cfbe4673285cdf140ec5cd1658ffbf63ab359f2b352ebe172e7cfa5bf0"},
    {file = "rpds_py-0.16.2-pp310-pypy310_pp73-manylinux_2_17_ppc64le.manylinux2014_ppc64le.whl", hash = "sha256:b634c5ec0103c5cbebc24ebac4872b045cccb9456fc59efdcf6fe39775365bd2"},
    {file = "rpds_py-0.16.2-pp310-pypy310_pp73-manylinux_2_17_s390x.manylinux2014_s390x.whl", hash = "sha256:a297a4d08cc67c7466c873c78039d87840fb50d05473db0ec1b7b03d179bf322"},
    {file = "rpds_py-0.16.2-pp310-pypy310_pp73-manylinux_2_17_x86_64.manylinux2014_x86_64.whl", hash = "sha256:b2e75e17bd0bb66ee34a707da677e47c14ee51ccef78ed6a263a4cc965a072a1"},
    {file = "rpds_py-0.16.2-pp310-pypy310_pp73-manylinux_2_5_i686.manylinux1_i686.whl", hash = "sha256:f1b9d9260e06ea017feb7172976ab261e011c1dc2f8883c7c274f6b2aabfe01a"},
    {file = "rpds_py-0.16.2-pp310-pypy310_pp73-musllinux_1_2_aarch64.whl", hash = "sha256:162d7cd9cd311c1b0ff1c55a024b8f38bd8aad1876b648821da08adc40e95734"},
    {file = "rpds_py-0.16.2-pp310-pypy310_pp73-musllinux_1_2_i686.whl", hash = "sha256:9b32f742ce5b57201305f19c2ef7a184b52f6f9ba6871cc042c2a61f0d6b49b8"},
    {file = "rpds_py-0.16.2-pp310-pypy310_pp73-musllinux_1_2_x86_64.whl", hash = "sha256:ac08472f41ea77cd6a5dae36ae7d4ed3951d6602833af87532b556c1b4601d63"},
    {file = "rpds_py-0.16.2-pp38-pypy38_pp73-macosx_10_12_x86_64.whl", hash = "sha256:495a14b72bbe217f2695dcd9b5ab14d4f8066a00f5d209ed94f0aca307f85f6e"},
    {file = "rpds_py-0.16.2-pp38-pypy38_pp73-macosx_11_0_arm64.whl", hash = "sha256:8d6b6937ae9eac6d6c0ca3c42774d89fa311f55adff3970fb364b34abde6ed3d"},
    {file = "rpds_py-0.16.2-pp38-pypy38_pp73-manylinux_2_17_aarch64.manylinux2014_aarch64.whl", hash = "sha256:6a61226465bda9283686db8f17d02569a98e4b13c637be5a26d44aa1f1e361c2"},
    {file = "rpds_py-0.16.2-pp38-pypy38_pp73-manylinux_2_17_armv7l.manylinux2014_armv7l.whl", hash = "sha256:5cf6af100ffb5c195beec11ffaa8cf8523057f123afa2944e6571d54da84cdc9"},
    {file = "rpds_py-0.16.2-pp38-pypy38_pp73-manylinux_2_17_ppc64le.manylinux2014_ppc64le.whl", hash = "sha256:6df15846ee3fb2e6397fe25d7ca6624af9f89587f3f259d177b556fed6bebe2c"},
    {file = "rpds_py-0.16.2-pp38-pypy38_pp73-manylinux_2_17_s390x.manylinux2014_s390x.whl", hash = "sha256:1be2f033df1b8be8c3167ba3c29d5dca425592ee31e35eac52050623afba5772"},
    {file = "rpds_py-0.16.2-pp38-pypy38_pp73-manylinux_2_17_x86_64.manylinux2014_x86_64.whl", hash = "sha256:96f957d6ab25a78b9e7fc9749d754b98eac825a112b4e666525ce89afcbd9ed5"},
    {file = "rpds_py-0.16.2-pp38-pypy38_pp73-manylinux_2_5_i686.manylinux1_i686.whl", hash = "sha256:088396c7c70e59872f67462fcac3ecbded5233385797021976a09ebd55961dfe"},
    {file = "rpds_py-0.16.2-pp38-pypy38_pp73-musllinux_1_2_aarch64.whl", hash = "sha256:4c46ad6356e1561f2a54f08367d1d2e70a0a1bb2db2282d2c1972c1d38eafc3b"},
    {file = "rpds_py-0.16.2-pp38-pypy38_pp73-musllinux_1_2_i686.whl", hash = "sha256:47713dc4fce213f5c74ca8a1f6a59b622fc1b90868deb8e8e4d993e421b4b39d"},
    {file = "rpds_py-0.16.2-pp38-pypy38_pp73-musllinux_1_2_x86_64.whl", hash = "sha256:f811771019f063bbd0aa7bb72c8a934bc13ebacb4672d712fc1639cfd314cccc"},
    {file = "rpds_py-0.16.2-pp39-pypy39_pp73-macosx_10_12_x86_64.whl", hash = "sha256:f19afcfc0dd0dca35694df441e9b0f95bc231b512f51bded3c3d8ca32153ec19"},
    {file = "rpds_py-0.16.2-pp39-pypy39_pp73-macosx_11_0_arm64.whl", hash = "sha256:a4b682c5775d6a3d21e314c10124599976809455ee67020e8e72df1769b87bc3"},
    {file = "rpds_py-0.16.2-pp39-pypy39_pp73-manylinux_2_17_aarch64.manylinux2014_aarch64.whl", hash = "sha256:c647ca87fc0ebe808a41de912e9a1bfef9acb85257e5d63691364ac16b81c1f0"},
    {file = "rpds_py-0.16.2-pp39-pypy39_pp73-manylinux_2_17_armv7l.manylinux2014_armv7l.whl", hash = "sha256:302bd4983bbd47063e452c38be66153760112f6d3635c7eeefc094299fa400a9"},
    {file = "rpds_py-0.16.2-pp39-pypy39_pp73-manylinux_2_17_ppc64le.manylinux2014_ppc64le.whl", hash = "sha256:bf721ede3eb7b829e4a9b8142bd55db0bdc82902720548a703f7e601ee13bdc3"},
    {file = "rpds_py-0.16.2-pp39-pypy39_pp73-manylinux_2_17_s390x.manylinux2014_s390x.whl", hash = "sha256:358dafc89ce3894c7f486c615ba914609f38277ef67f566abc4c854d23b997fa"},
    {file = "rpds_py-0.16.2-pp39-pypy39_pp73-manylinux_2_17_x86_64.manylinux2014_x86_64.whl", hash = "sha256:cad0f59ee3dc35526039f4bc23642d52d5f6616b5f687d846bfc6d0d6d486db0"},
    {file = "rpds_py-0.16.2-pp39-pypy39_pp73-manylinux_2_5_i686.manylinux1_i686.whl", hash = "sha256:cffa76b385dfe1e38527662a302b19ffb0e7f5cf7dd5e89186d2c94a22dd9d0c"},
    {file = "rpds_py-0.16.2-pp39-pypy39_pp73-musllinux_1_2_aarch64.whl", hash = "sha256:83640a5d7cd3bff694747d50436b8b541b5b9b9782b0c8c1688931d6ee1a1f2d"},
    {file = "rpds_py-0.16.2-pp39-pypy39_pp73-musllinux_1_2_i686.whl", hash = "sha256:ed99b4f7179d2111702020fd7d156e88acd533f5a7d3971353e568b6051d5c97"},
    {file = "rpds_py-0.16.2-pp39-pypy39_pp73-musllinux_1_2_x86_64.whl", hash = "sha256:4022b9dc620e14f30201a8a73898a873c8e910cb642bcd2f3411123bc527f6ac"},
    {file = "rpds_py-0.16.2.tar.gz", hash = "sha256:781ef8bfc091b19960fc0142a23aedadafa826bc32b433fdfe6fd7f964d7ef44"},
]

[[package]]
name = "sentry-sdk"
version = "1.39.1"
description = "Python client for Sentry (https://sentry.io)"
optional = false
python-versions = "*"
files = [
    {file = "sentry-sdk-1.39.1.tar.gz", hash = "sha256:320a55cdf9da9097a0bead239c35b7e61f53660ef9878861824fd6d9b2eaf3b5"},
    {file = "sentry_sdk-1.39.1-py2.py3-none-any.whl", hash = "sha256:81b5b9ffdd1a374e9eb0c053b5d2012155db9cbe76393a8585677b753bd5fdc1"},
]

[package.dependencies]
certifi = "*"
urllib3 = {version = ">=1.26.11", markers = "python_version >= \"3.6\""}

[package.extras]
aiohttp = ["aiohttp (>=3.5)"]
arq = ["arq (>=0.23)"]
asyncpg = ["asyncpg (>=0.23)"]
beam = ["apache-beam (>=2.12)"]
bottle = ["bottle (>=0.12.13)"]
celery = ["celery (>=3)"]
chalice = ["chalice (>=1.16.0)"]
clickhouse-driver = ["clickhouse-driver (>=0.2.0)"]
django = ["django (>=1.8)"]
falcon = ["falcon (>=1.4)"]
fastapi = ["fastapi (>=0.79.0)"]
flask = ["blinker (>=1.1)", "flask (>=0.11)", "markupsafe"]
grpcio = ["grpcio (>=1.21.1)"]
httpx = ["httpx (>=0.16.0)"]
huey = ["huey (>=2)"]
loguru = ["loguru (>=0.5)"]
opentelemetry = ["opentelemetry-distro (>=0.35b0)"]
opentelemetry-experimental = ["opentelemetry-distro (>=0.40b0,<1.0)", "opentelemetry-instrumentation-aiohttp-client (>=0.40b0,<1.0)", "opentelemetry-instrumentation-django (>=0.40b0,<1.0)", "opentelemetry-instrumentation-fastapi (>=0.40b0,<1.0)", "opentelemetry-instrumentation-flask (>=0.40b0,<1.0)", "opentelemetry-instrumentation-requests (>=0.40b0,<1.0)", "opentelemetry-instrumentation-sqlite3 (>=0.40b0,<1.0)", "opentelemetry-instrumentation-urllib (>=0.40b0,<1.0)"]
pure-eval = ["asttokens", "executing", "pure-eval"]
pymongo = ["pymongo (>=3.1)"]
pyspark = ["pyspark (>=2.4.4)"]
quart = ["blinker (>=1.1)", "quart (>=0.16.1)"]
rq = ["rq (>=0.6)"]
sanic = ["sanic (>=0.8)"]
sqlalchemy = ["sqlalchemy (>=1.2)"]
starlette = ["starlette (>=0.19.1)"]
starlite = ["starlite (>=1.48)"]
tornado = ["tornado (>=5)"]

[[package]]
name = "sqlparse"
version = "0.4.4"
description = "A non-validating SQL parser."
optional = false
python-versions = ">=3.5"
files = [
    {file = "sqlparse-0.4.4-py3-none-any.whl", hash = "sha256:5430a4fe2ac7d0f93e66f1efc6e1338a41884b7ddf2a350cedd20ccc4d9d28f3"},
    {file = "sqlparse-0.4.4.tar.gz", hash = "sha256:d446183e84b8349fa3061f0fe7f06ca94ba65b426946ffebe6e3e8295332420c"},
]

[package.extras]
dev = ["build", "flake8"]
doc = ["sphinx"]
test = ["pytest", "pytest-cov"]

[[package]]
name = "typing-extensions"
version = "4.9.0"
description = "Backported and Experimental Type Hints for Python 3.8+"
optional = false
python-versions = ">=3.8"
files = [
    {file = "typing_extensions-4.9.0-py3-none-any.whl", hash = "sha256:af72aea155e91adfc61c3ae9e0e342dbc0cba726d6cba4b6c72c1f34e47291cd"},
    {file = "typing_extensions-4.9.0.tar.gz", hash = "sha256:23478f88c37f27d76ac8aee6c905017a143b0b1b886c3c9f66bc2fd94f9f5783"},
]

[[package]]
name = "tzdata"
version = "2023.4"
description = "Provider of IANA time zone data"
optional = false
python-versions = ">=2"
files = [
    {file = "tzdata-2023.4-py2.py3-none-any.whl", hash = "sha256:aa3ace4329eeacda5b7beb7ea08ece826c28d761cda36e747cfbf97996d39bf3"},
    {file = "tzdata-2023.4.tar.gz", hash = "sha256:dd54c94f294765522c77399649b4fefd95522479a664a0cec87f41bebc6148c9"},
]

[[package]]
name = "uritemplate"
version = "4.1.1"
description = "Implementation of RFC 6570 URI Templates"
optional = false
python-versions = ">=3.6"
files = [
    {file = "uritemplate-4.1.1-py2.py3-none-any.whl", hash = "sha256:830c08b8d99bdd312ea4ead05994a38e8936266f84b9a7878232db50b044e02e"},
    {file = "uritemplate-4.1.1.tar.gz", hash = "sha256:4346edfc5c3b79f694bccd6d6099a322bbeb628dbf2cd86eea55a456ce5124f0"},
]

[[package]]
name = "urllib3"
version = "2.1.0"
description = "HTTP library with thread-safe connection pooling, file post, and more."
optional = false
python-versions = ">=3.8"
files = [
    {file = "urllib3-2.1.0-py3-none-any.whl", hash = "sha256:55901e917a5896a349ff771be919f8bd99aff50b79fe58fec595eb37bbc56bb3"},
    {file = "urllib3-2.1.0.tar.gz", hash = "sha256:df7aa8afb0148fa78488e7899b2c59b5f4ffcfa82e6c54ccb9dd37c1d7b52d54"},
]

[package.extras]
brotli = ["brotli (>=1.0.9)", "brotlicffi (>=0.8.0)"]
socks = ["pysocks (>=1.5.6,!=1.5.7,<2.0)"]
zstd = ["zstandard (>=0.18.0)"]

[metadata]
lock-version = "2.0"
python-versions = "^3.10"
content-hash = "34a4b794955e4137ef1c287771abc0418c072bd89c2ae557b3deadc59f73296f"
