# generated by rye
# use `rye lock` or `rye sync` to update this lockfile
#
# last locked with the following flags:
#   pre: false
#   features: []
#   all-features: false
#   with-sources: false
#   generate-hashes: false
#   universal: false

-e file:.
certifi==2024.8.30
    # via requests
charset-normalizer==3.4.0
    # via requests
docutils==0.21.2
    # via kivy
ffpyplayer==4.5.2
    # via kivy
idna==3.10
    # via requests
kivy==2.3.0
    # via kivy-basic
    # via kivymd
kivy-garden==0.1.5
    # via kivy
kivymd==1.2.0
    # via kivy-basic
pillow==10.4.0
    # via kivy
    # via kivymd
pygments==2.18.0
    # via kivy
requests==2.32.3
    # via kivy-garden
urllib3==2.2.3
    # via requests
